// !$*UTF8*$!
{
	archiveVersion = 1;
	classes = {
	};
	objectVersion = 51;
	objects = {

/* Begin PBXBuildFile section */
		2FAE2B74264F208900FFC46B /* MatchDetailViewController.swift in Sources */ = {isa = PBXBuildFile; fileRef = 2FAE2B73264F208900FFC46B /* MatchDetailViewController.swift */; };
		3F114889263DBABC0003DEB0 /* Match.swift in Sources */ = {isa = PBXBuildFile; fileRef = 3F114888263DBABC0003DEB0 /* Match.swift */; };
		3F12AA1B263308BB0060292E /* User2ViewController.swift in Sources */ = {isa = PBXBuildFile; fileRef = 3F12AA1A263308BB0060292E /* User2ViewController.swift */; };
		3F12AA1E263309570060292E /* User3ViewController.swift in Sources */ = {isa = PBXBuildFile; fileRef = 3F12AA1D263309570060292E /* User3ViewController.swift */; };
		3F5B4F362643177D00A15244 /* MyMatchesViewController.swift in Sources */ = {isa = PBXBuildFile; fileRef = 3F5B4F352643177D00A15244 /* MyMatchesViewController.swift */; };
		3F5B4F392645E83D00A15244 /* AuthViewController.swift in Sources */ = {isa = PBXBuildFile; fileRef = 3F5B4F382645E83D00A15244 /* AuthViewController.swift */; };
		3F5B4F3C264639BF00A15244 /* RoommateViewController.swift in Sources */ = {isa = PBXBuildFile; fileRef = 3F5B4F3B264639BF00A15244 /* RoommateViewController.swift */; };
		3F64AD36260BC0FB00DA583A /* SignUpViewController.swift in Sources */ = {isa = PBXBuildFile; fileRef = 3F64AD35260BC0FB00DA583A /* SignUpViewController.swift */; };
		3F64AD39260BC12100DA583A /* BioViewController.swift in Sources */ = {isa = PBXBuildFile; fileRef = 3F64AD38260BC12100DA583A /* BioViewController.swift */; };
		3F64AD3C260BC14100DA583A /* ProfileViewController.swift in Sources */ = {isa = PBXBuildFile; fileRef = 3F64AD3B260BC14100DA583A /* ProfileViewController.swift */; };
		3F64AD47260D509800DA583A /* QuestionaireViewController.swift in Sources */ = {isa = PBXBuildFile; fileRef = 3F64AD46260D509800DA583A /* QuestionaireViewController.swift */; };
		3F64AD4A260D5B0900DA583A /* ScrollViewController.swift in Sources */ = {isa = PBXBuildFile; fileRef = 3F64AD49260D5B0900DA583A /* ScrollViewController.swift */; };
		3F64AD6E2618C14000DA583A /* MiniQ1ViewController.swift in Sources */ = {isa = PBXBuildFile; fileRef = 3F64AD6D2618C14000DA583A /* MiniQ1ViewController.swift */; };
		3F64AD712618C14D00DA583A /* MiniQ2ViewController.swift in Sources */ = {isa = PBXBuildFile; fileRef = 3F64AD702618C14D00DA583A /* MiniQ2ViewController.swift */; };
		3F64AD742618C15D00DA583A /* MiniQ3ViewController.swift in Sources */ = {isa = PBXBuildFile; fileRef = 3F64AD732618C15D00DA583A /* MiniQ3ViewController.swift */; };
		3F6DF19E261CDE13003A6281 /* SecondQuestionaireViewController.swift in Sources */ = {isa = PBXBuildFile; fileRef = 3F6DF19D261CDE13003A6281 /* SecondQuestionaireViewController.swift */; };
		3F6DF1A1261CDE32003A6281 /* ThirdQuestionaireViewController.swift in Sources */ = {isa = PBXBuildFile; fileRef = 3F6DF1A0261CDE32003A6281 /* ThirdQuestionaireViewController.swift */; };
		3F6DF1A4261CDE46003A6281 /* FourthQuestionaireViewController.swift in Sources */ = {isa = PBXBuildFile; fileRef = 3F6DF1A3261CDE46003A6281 /* FourthQuestionaireViewController.swift */; };
		3F7448F7260156800084189F /* AppDelegate.swift in Sources */ = {isa = PBXBuildFile; fileRef = 3F7448F6260156800084189F /* AppDelegate.swift */; };
		3F7448F9260156800084189F /* SceneDelegate.swift in Sources */ = {isa = PBXBuildFile; fileRef = 3F7448F8260156800084189F /* SceneDelegate.swift */; };
		3F7448FB260156800084189F /* ViewController.swift in Sources */ = {isa = PBXBuildFile; fileRef = 3F7448FA260156800084189F /* ViewController.swift */; };
		3F7448FE260156800084189F /* Main.storyboard in Resources */ = {isa = PBXBuildFile; fileRef = 3F7448FC260156800084189F /* Main.storyboard */; };
		3F744900260156830084189F /* Assets.xcassets in Resources */ = {isa = PBXBuildFile; fileRef = 3F7448FF260156830084189F /* Assets.xcassets */; };
		3F744903260156830084189F /* LaunchScreen.storyboard in Resources */ = {isa = PBXBuildFile; fileRef = 3F744901260156830084189F /* LaunchScreen.storyboard */; };
		3F74491026016F600084189F /* LoginViewController.swift in Sources */ = {isa = PBXBuildFile; fileRef = 3F74490F26016F600084189F /* LoginViewController.swift */; };
		3F7889E8263F073F00EE7465 /* MatchingCards.swift in Sources */ = {isa = PBXBuildFile; fileRef = 3F7889E7263F073F00EE7465 /* MatchingCards.swift */; };
		3FB2618D26264765004A1553 /* WelcomingViewController.swift in Sources */ = {isa = PBXBuildFile; fileRef = 3FB2618C26264765004A1553 /* WelcomingViewController.swift */; };
		3FB26190262663DD004A1553 /* UserViewController.swift in Sources */ = {isa = PBXBuildFile; fileRef = 3FB2618F262663DD004A1553 /* UserViewController.swift */; };
		3FE0E10B263F1BBC003029F0 /* Card.swift in Sources */ = {isa = PBXBuildFile; fileRef = 3FE0E10A263F1BBC003029F0 /* Card.swift */; };
		7D51A309397347128EF55BAF /* Pods_RoomiesIntrpo.framework in Frameworks */ = {isa = PBXBuildFile; fileRef = B62C82503D6F7085F55630AC /* Pods_RoomiesIntrpo.framework */; };
		842003892640BE3200EAC722 /* MatchView.xib in Resources */ = {isa = PBXBuildFile; fileRef = 842003882640BE3200EAC722 /* MatchView.xib */; };
		8420038B2640BF7300EAC722 /* MatchView.swift in Sources */ = {isa = PBXBuildFile; fileRef = 8420038A2640BF7300EAC722 /* MatchView.swift */; };
		8498C324264C921B002979A7 /* SignOutViewController.swift in Sources */ = {isa = PBXBuildFile; fileRef = 8498C323264C921B002979A7 /* SignOutViewController.swift */; };
		84DA90DF2630ED7B00F8D0A0 /* GoogleService-Info.plist in Resources */ = {isa = PBXBuildFile; fileRef = 84DA90DE2630ED7B00F8D0A0 /* GoogleService-Info.plist */; };
/* End PBXBuildFile section */

/* Begin PBXFileReference section */
		2FAE2B73264F208900FFC46B /* MatchDetailViewController.swift */ = {isa = PBXFileReference; lastKnownFileType = sourcecode.swift; path = MatchDetailViewController.swift; sourceTree = "<group>"; };
		3F114888263DBABC0003DEB0 /* Match.swift */ = {isa = PBXFileReference; lastKnownFileType = sourcecode.swift; path = Match.swift; sourceTree = "<group>"; };
		3F12AA1A263308BB0060292E /* User2ViewController.swift */ = {isa = PBXFileReference; lastKnownFileType = sourcecode.swift; path = User2ViewController.swift; sourceTree = "<group>"; };
		3F12AA1D263309570060292E /* User3ViewController.swift */ = {isa = PBXFileReference; lastKnownFileType = sourcecode.swift; path = User3ViewController.swift; sourceTree = "<group>"; };
		3F5B4F352643177D00A15244 /* MyMatchesViewController.swift */ = {isa = PBXFileReference; lastKnownFileType = sourcecode.swift; path = MyMatchesViewController.swift; sourceTree = "<group>"; };
		3F5B4F382645E83D00A15244 /* AuthViewController.swift */ = {isa = PBXFileReference; lastKnownFileType = sourcecode.swift; path = AuthViewController.swift; sourceTree = "<group>"; };
		3F5B4F3B264639BF00A15244 /* RoommateViewController.swift */ = {isa = PBXFileReference; lastKnownFileType = sourcecode.swift; path = RoommateViewController.swift; sourceTree = "<group>"; };
		3F64AD35260BC0FB00DA583A /* SignUpViewController.swift */ = {isa = PBXFileReference; lastKnownFileType = sourcecode.swift; path = SignUpViewController.swift; sourceTree = "<group>"; };
		3F64AD38260BC12100DA583A /* BioViewController.swift */ = {isa = PBXFileReference; lastKnownFileType = sourcecode.swift; path = BioViewController.swift; sourceTree = "<group>"; };
		3F64AD3B260BC14100DA583A /* ProfileViewController.swift */ = {isa = PBXFileReference; lastKnownFileType = sourcecode.swift; path = ProfileViewController.swift; sourceTree = "<group>"; };
		3F64AD46260D509800DA583A /* QuestionaireViewController.swift */ = {isa = PBXFileReference; lastKnownFileType = sourcecode.swift; path = QuestionaireViewController.swift; sourceTree = "<group>"; };
		3F64AD49260D5B0900DA583A /* ScrollViewController.swift */ = {isa = PBXFileReference; lastKnownFileType = sourcecode.swift; path = ScrollViewController.swift; sourceTree = "<group>"; };
		3F64AD6D2618C14000DA583A /* MiniQ1ViewController.swift */ = {isa = PBXFileReference; lastKnownFileType = sourcecode.swift; path = MiniQ1ViewController.swift; sourceTree = "<group>"; };
		3F64AD702618C14D00DA583A /* MiniQ2ViewController.swift */ = {isa = PBXFileReference; lastKnownFileType = sourcecode.swift; path = MiniQ2ViewController.swift; sourceTree = "<group>"; };
		3F64AD732618C15D00DA583A /* MiniQ3ViewController.swift */ = {isa = PBXFileReference; lastKnownFileType = sourcecode.swift; path = MiniQ3ViewController.swift; sourceTree = "<group>"; };
		3F6DF19D261CDE13003A6281 /* SecondQuestionaireViewController.swift */ = {isa = PBXFileReference; lastKnownFileType = sourcecode.swift; path = SecondQuestionaireViewController.swift; sourceTree = "<group>"; };
		3F6DF1A0261CDE32003A6281 /* ThirdQuestionaireViewController.swift */ = {isa = PBXFileReference; lastKnownFileType = sourcecode.swift; path = ThirdQuestionaireViewController.swift; sourceTree = "<group>"; };
		3F6DF1A3261CDE46003A6281 /* FourthQuestionaireViewController.swift */ = {isa = PBXFileReference; lastKnownFileType = sourcecode.swift; path = FourthQuestionaireViewController.swift; sourceTree = "<group>"; };
		3F7448F3260156800084189F /* RoomiesIntrpo.app */ = {isa = PBXFileReference; explicitFileType = wrapper.application; includeInIndex = 0; path = RoomiesIntrpo.app; sourceTree = BUILT_PRODUCTS_DIR; };
		3F7448F6260156800084189F /* AppDelegate.swift */ = {isa = PBXFileReference; lastKnownFileType = sourcecode.swift; path = AppDelegate.swift; sourceTree = "<group>"; };
		3F7448F8260156800084189F /* SceneDelegate.swift */ = {isa = PBXFileReference; lastKnownFileType = sourcecode.swift; path = SceneDelegate.swift; sourceTree = "<group>"; };
		3F7448FA260156800084189F /* ViewController.swift */ = {isa = PBXFileReference; lastKnownFileType = sourcecode.swift; path = ViewController.swift; sourceTree = "<group>"; };
		3F7448FD260156800084189F /* Base */ = {isa = PBXFileReference; lastKnownFileType = file.storyboard; name = Base; path = Base.lproj/Main.storyboard; sourceTree = "<group>"; };
		3F7448FF260156830084189F /* Assets.xcassets */ = {isa = PBXFileReference; lastKnownFileType = folder.assetcatalog; path = Assets.xcassets; sourceTree = "<group>"; };
		3F744902260156830084189F /* Base */ = {isa = PBXFileReference; lastKnownFileType = file.storyboard; name = Base; path = Base.lproj/LaunchScreen.storyboard; sourceTree = "<group>"; };
		3F744904260156830084189F /* Info.plist */ = {isa = PBXFileReference; lastKnownFileType = text.plist.xml; path = Info.plist; sourceTree = "<group>"; };
		3F74490F26016F600084189F /* LoginViewController.swift */ = {isa = PBXFileReference; lastKnownFileType = sourcecode.swift; path = LoginViewController.swift; sourceTree = "<group>"; };
		3F7889E7263F073F00EE7465 /* MatchingCards.swift */ = {isa = PBXFileReference; lastKnownFileType = sourcecode.swift; path = MatchingCards.swift; sourceTree = "<group>"; };
		3FB2618C26264765004A1553 /* WelcomingViewController.swift */ = {isa = PBXFileReference; fileEncoding = 4; lastKnownFileType = sourcecode.swift; path = WelcomingViewController.swift; sourceTree = "<group>"; };
		3FB2618F262663DD004A1553 /* UserViewController.swift */ = {isa = PBXFileReference; lastKnownFileType = sourcecode.swift; path = UserViewController.swift; sourceTree = "<group>"; };
		3FE0E10A263F1BBC003029F0 /* Card.swift */ = {isa = PBXFileReference; lastKnownFileType = sourcecode.swift; path = Card.swift; sourceTree = "<group>"; };
		443C36FFF5A2787E8AEF0CF7 /* Pods-RoomiesIntrpo.debug.xcconfig */ = {isa = PBXFileReference; includeInIndex = 1; lastKnownFileType = text.xcconfig; name = "Pods-RoomiesIntrpo.debug.xcconfig"; path = "Target Support Files/Pods-RoomiesIntrpo/Pods-RoomiesIntrpo.debug.xcconfig"; sourceTree = "<group>"; };
		554188E46DD5925EDF41D08D /* Pods-RoomiesIntrpo.release.xcconfig */ = {isa = PBXFileReference; includeInIndex = 1; lastKnownFileType = text.xcconfig; name = "Pods-RoomiesIntrpo.release.xcconfig"; path = "Target Support Files/Pods-RoomiesIntrpo/Pods-RoomiesIntrpo.release.xcconfig"; sourceTree = "<group>"; };
		842003882640BE3200EAC722 /* MatchView.xib */ = {isa = PBXFileReference; lastKnownFileType = file.xib; path = MatchView.xib; sourceTree = "<group>"; };
		8420038A2640BF7300EAC722 /* MatchView.swift */ = {isa = PBXFileReference; lastKnownFileType = sourcecode.swift; path = MatchView.swift; sourceTree = "<group>"; };
		8498C323264C921B002979A7 /* SignOutViewController.swift */ = {isa = PBXFileReference; lastKnownFileType = sourcecode.swift; path = SignOutViewController.swift; sourceTree = "<group>"; };
		84DA90DE2630ED7B00F8D0A0 /* GoogleService-Info.plist */ = {isa = PBXFileReference; fileEncoding = 4; lastKnownFileType = text.plist.xml; path = "GoogleService-Info.plist"; sourceTree = "<group>"; };
		B62C82503D6F7085F55630AC /* Pods_RoomiesIntrpo.framework */ = {isa = PBXFileReference; explicitFileType = wrapper.framework; includeInIndex = 0; path = Pods_RoomiesIntrpo.framework; sourceTree = BUILT_PRODUCTS_DIR; };
/* End PBXFileReference section */

/* Begin PBXFrameworksBuildPhase section */
		3F7448F0260156800084189F /* Frameworks */ = {
			isa = PBXFrameworksBuildPhase;
			buildActionMask = 2147483647;
			files = (
				7D51A309397347128EF55BAF /* Pods_RoomiesIntrpo.framework in Frameworks */,
			);
			runOnlyForDeploymentPostprocessing = 0;
		};
/* End PBXFrameworksBuildPhase section */

/* Begin PBXGroup section */
		328FE10C96733B643E63FEA9 /* Frameworks */ = {
			isa = PBXGroup;
			children = (
				B62C82503D6F7085F55630AC /* Pods_RoomiesIntrpo.framework */,
			);
			name = Frameworks;
			sourceTree = "<group>";
		};
		3F7448EA260156800084189F = {
			isa = PBXGroup;
			children = (
				3F7448F5260156800084189F /* RoomiesIntrpo */,
				3F7448F4260156800084189F /* Products */,
				CB9311B927669647AF27C82F /* Pods */,
				328FE10C96733B643E63FEA9 /* Frameworks */,
			);
			sourceTree = "<group>";
		};
		3F7448F4260156800084189F /* Products */ = {
			isa = PBXGroup;
			children = (
				3F7448F3260156800084189F /* RoomiesIntrpo.app */,
			);
			name = Products;
			sourceTree = "<group>";
		};
		3F7448F5260156800084189F /* RoomiesIntrpo */ = {
			isa = PBXGroup;
			children = (
				3F7448F6260156800084189F /* AppDelegate.swift */,
				3F7448F8260156800084189F /* SceneDelegate.swift */,
				3F7448FA260156800084189F /* ViewController.swift */,
				3F7448FC260156800084189F /* Main.storyboard */,
				2FAE2B73264F208900FFC46B /* MatchDetailViewController.swift */,
				3F5B4F3B264639BF00A15244 /* RoommateViewController.swift */,
				3F5B4F352643177D00A15244 /* MyMatchesViewController.swift */,
				3F12AA1A263308BB0060292E /* User2ViewController.swift */,
				3F12AA1D263309570060292E /* User3ViewController.swift */,
				3FB2618F262663DD004A1553 /* UserViewController.swift */,
				3F6DF19D261CDE13003A6281 /* SecondQuestionaireViewController.swift */,
				3F6DF1A0261CDE32003A6281 /* ThirdQuestionaireViewController.swift */,
				3FB2618C26264765004A1553 /* WelcomingViewController.swift */,
				3F6DF1A3261CDE46003A6281 /* FourthQuestionaireViewController.swift */,
				3F64AD6D2618C14000DA583A /* MiniQ1ViewController.swift */,
				3F64AD702618C14D00DA583A /* MiniQ2ViewController.swift */,
				3F64AD732618C15D00DA583A /* MiniQ3ViewController.swift */,
				3F64AD49260D5B0900DA583A /* ScrollViewController.swift */,
				8498C323264C921B002979A7 /* SignOutViewController.swift */,
				842003882640BE3200EAC722 /* MatchView.xib */,
				8420038A2640BF7300EAC722 /* MatchView.swift */,
				3F114888263DBABC0003DEB0 /* Match.swift */,
				3F7889E7263F073F00EE7465 /* MatchingCards.swift */,
				3FE0E10A263F1BBC003029F0 /* Card.swift */,
				3F64AD46260D509800DA583A /* QuestionaireViewController.swift */,
				3F64AD3B260BC14100DA583A /* ProfileViewController.swift */,
				3F64AD38260BC12100DA583A /* BioViewController.swift */,
				3F64AD35260BC0FB00DA583A /* SignUpViewController.swift */,
				3F74490F26016F600084189F /* LoginViewController.swift */,
				3F5B4F382645E83D00A15244 /* AuthViewController.swift */,
				3F7448FF260156830084189F /* Assets.xcassets */,
				84DA90DE2630ED7B00F8D0A0 /* GoogleService-Info.plist */,
				3F744901260156830084189F /* LaunchScreen.storyboard */,
				3F744904260156830084189F /* Info.plist */,
			);
			path = RoomiesIntrpo;
			sourceTree = "<group>";
		};
		CB9311B927669647AF27C82F /* Pods */ = {
			isa = PBXGroup;
			children = (
				443C36FFF5A2787E8AEF0CF7 /* Pods-RoomiesIntrpo.debug.xcconfig */,
				554188E46DD5925EDF41D08D /* Pods-RoomiesIntrpo.release.xcconfig */,
			);
			path = Pods;
			sourceTree = "<group>";
		};
/* End PBXGroup section */

/* Begin PBXNativeTarget section */
		3F7448F2260156800084189F /* RoomiesIntrpo */ = {
			isa = PBXNativeTarget;
			buildConfigurationList = 3F744907260156830084189F /* Build configuration list for PBXNativeTarget "RoomiesIntrpo" */;
			buildPhases = (
				2E7F636A0F9E6F25CE6B5922 /* [CP] Check Pods Manifest.lock */,
				3F7448EF260156800084189F /* Sources */,
				3F7448F0260156800084189F /* Frameworks */,
				3F7448F1260156800084189F /* Resources */,
				5EA0D54E10F53CCCDA61AA8B /* [CP] Embed Pods Frameworks */,
			);
			buildRules = (
			);
			dependencies = (
			);
			name = RoomiesIntrpo;
			productName = RoomiesIntrpo;
			productReference = 3F7448F3260156800084189F /* RoomiesIntrpo.app */;
			productType = "com.apple.product-type.application";
		};
/* End PBXNativeTarget section */

/* Begin PBXProject section */
		3F7448EB260156800084189F /* Project object */ = {
			isa = PBXProject;
			attributes = {
				LastSwiftUpdateCheck = 1240;
				LastUpgradeCheck = 1240;
				TargetAttributes = {
					3F7448F2260156800084189F = {
						CreatedOnToolsVersion = 12.4;
					};
				};
			};
			buildConfigurationList = 3F7448EE260156800084189F /* Build configuration list for PBXProject "RoomiesIntrpo" */;
			compatibilityVersion = "Xcode 9.3";
			developmentRegion = en;
			hasScannedForEncodings = 0;
			knownRegions = (
				en,
				Base,
			);
			mainGroup = 3F7448EA260156800084189F;
			productRefGroup = 3F7448F4260156800084189F /* Products */;
			projectDirPath = "";
			projectRoot = "";
			targets = (
				3F7448F2260156800084189F /* RoomiesIntrpo */,
			);
		};
/* End PBXProject section */

/* Begin PBXResourcesBuildPhase section */
		3F7448F1260156800084189F /* Resources */ = {
			isa = PBXResourcesBuildPhase;
			buildActionMask = 2147483647;
			files = (
				3F744903260156830084189F /* LaunchScreen.storyboard in Resources */,
				84DA90DF2630ED7B00F8D0A0 /* GoogleService-Info.plist in Resources */,
				3F744900260156830084189F /* Assets.xcassets in Resources */,
				3F7448FE260156800084189F /* Main.storyboard in Resources */,
				842003892640BE3200EAC722 /* MatchView.xib in Resources */,
			);
			runOnlyForDeploymentPostprocessing = 0;
		};
/* End PBXResourcesBuildPhase section */

/* Begin PBXShellScriptBuildPhase section */
		2E7F636A0F9E6F25CE6B5922 /* [CP] Check Pods Manifest.lock */ = {
			isa = PBXShellScriptBuildPhase;
			buildActionMask = 2147483647;
			files = (
			);
			inputFileListPaths = (
			);
			inputPaths = (
				"${PODS_PODFILE_DIR_PATH}/Podfile.lock",
				"${PODS_ROOT}/Manifest.lock",
			);
			name = "[CP] Check Pods Manifest.lock";
			outputFileListPaths = (
			);
			outputPaths = (
				"$(DERIVED_FILE_DIR)/Pods-RoomiesIntrpo-checkManifestLockResult.txt",
			);
			runOnlyForDeploymentPostprocessing = 0;
			shellPath = /bin/sh;
			shellScript = "diff \"${PODS_PODFILE_DIR_PATH}/Podfile.lock\" \"${PODS_ROOT}/Manifest.lock\" > /dev/null\nif [ $? != 0 ] ; then\n    # print error to STDERR\n    echo \"error: The sandbox is not in sync with the Podfile.lock. Run 'pod install' or update your CocoaPods installation.\" >&2\n    exit 1\nfi\n# This output is used by Xcode 'outputs' to avoid re-running this script phase.\necho \"SUCCESS\" > \"${SCRIPT_OUTPUT_FILE_0}\"\n";
			showEnvVarsInLog = 0;
		};
		5EA0D54E10F53CCCDA61AA8B /* [CP] Embed Pods Frameworks */ = {
			isa = PBXShellScriptBuildPhase;
			buildActionMask = 2147483647;
			files = (
			);
			inputFileListPaths = (
				"${PODS_ROOT}/Target Support Files/Pods-RoomiesIntrpo/Pods-RoomiesIntrpo-frameworks-${CONFIGURATION}-input-files.xcfilelist",
			);
			name = "[CP] Embed Pods Frameworks";
			outputFileListPaths = (
				"${PODS_ROOT}/Target Support Files/Pods-RoomiesIntrpo/Pods-RoomiesIntrpo-frameworks-${CONFIGURATION}-output-files.xcfilelist",
			);
			runOnlyForDeploymentPostprocessing = 0;
			shellPath = /bin/sh;
			shellScript = "\"${PODS_ROOT}/Target Support Files/Pods-RoomiesIntrpo/Pods-RoomiesIntrpo-frameworks.sh\"\n";
			showEnvVarsInLog = 0;
		};
/* End PBXShellScriptBuildPhase section */

/* Begin PBXSourcesBuildPhase section */
		3F7448EF260156800084189F /* Sources */ = {
			isa = PBXSourcesBuildPhase;
			buildActionMask = 2147483647;
			files = (
				3F74491026016F600084189F /* LoginViewController.swift in Sources */,
				3F64AD6E2618C14000DA583A /* MiniQ1ViewController.swift in Sources */,
				3F7448FB260156800084189F /* ViewController.swift in Sources */,
				3F114889263DBABC0003DEB0 /* Match.swift in Sources */,
				8498C324264C921B002979A7 /* SignOutViewController.swift in Sources */,
				8420038B2640BF7300EAC722 /* MatchView.swift in Sources */,
				3F7448F7260156800084189F /* AppDelegate.swift in Sources */,
				3F7448F9260156800084189F /* SceneDelegate.swift in Sources */,
				3FB26190262663DD004A1553 /* UserViewController.swift in Sources */,
				3F64AD4A260D5B0900DA583A /* ScrollViewController.swift in Sources */,
				3F64AD3C260BC14100DA583A /* ProfileViewController.swift in Sources */,
				3F64AD36260BC0FB00DA583A /* SignUpViewController.swift in Sources */,
				3F64AD712618C14D00DA583A /* MiniQ2ViewController.swift in Sources */,
				2FAE2B74264F208900FFC46B /* MatchDetailViewController.swift in Sources */,
				3F12AA1B263308BB0060292E /* User2ViewController.swift in Sources */,
				3F6DF1A4261CDE46003A6281 /* FourthQuestionaireViewController.swift in Sources */,
				3F7889E8263F073F00EE7465 /* MatchingCards.swift in Sources */,
				3F6DF1A1261CDE32003A6281 /* ThirdQuestionaireViewController.swift in Sources */,
				3F64AD742618C15D00DA583A /* MiniQ3ViewController.swift in Sources */,
				3F5B4F392645E83D00A15244 /* AuthViewController.swift in Sources */,
				3FB2618D26264765004A1553 /* WelcomingViewController.swift in Sources */,
				3F5B4F362643177D00A15244 /* MyMatchesViewController.swift in Sources */,
				3F64AD47260D509800DA583A /* QuestionaireViewController.swift in Sources */,
				3F64AD39260BC12100DA583A /* BioViewController.swift in Sources */,
				3F5B4F3C264639BF00A15244 /* RoommateViewController.swift in Sources */,
				3F12AA1E263309570060292E /* User3ViewController.swift in Sources */,
				3F6DF19E261CDE13003A6281 /* SecondQuestionaireViewController.swift in Sources */,
				3FE0E10B263F1BBC003029F0 /* Card.swift in Sources */,
			);
			runOnlyForDeploymentPostprocessing = 0;
		};
/* End PBXSourcesBuildPhase section */

/* Begin PBXVariantGroup section */
		3F7448FC260156800084189F /* Main.storyboard */ = {
			isa = PBXVariantGroup;
			children = (
				3F7448FD260156800084189F /* Base */,
			);
			name = Main.storyboard;
			sourceTree = "<group>";
		};
		3F744901260156830084189F /* LaunchScreen.storyboard */ = {
			isa = PBXVariantGroup;
			children = (
				3F744902260156830084189F /* Base */,
			);
			name = LaunchScreen.storyboard;
			sourceTree = "<group>";
		};
/* End PBXVariantGroup section */

/* Begin XCBuildConfiguration section */
		3F744905260156830084189F /* Debug */ = {
			isa = XCBuildConfiguration;
			buildSettings = {
				ALWAYS_SEARCH_USER_PATHS = NO;
				CLANG_ANALYZER_NONNULL = YES;
				CLANG_ANALYZER_NUMBER_OBJECT_CONVERSION = YES_AGGRESSIVE;
				CLANG_CXX_LANGUAGE_STANDARD = "gnu++14";
				CLANG_CXX_LIBRARY = "libc++";
				CLANG_ENABLE_MODULES = YES;
				CLANG_ENABLE_OBJC_ARC = YES;
				CLANG_ENABLE_OBJC_WEAK = YES;
				CLANG_WARN_BLOCK_CAPTURE_AUTORELEASING = YES;
				CLANG_WARN_BOOL_CONVERSION = YES;
				CLANG_WARN_COMMA = YES;
				CLANG_WARN_CONSTANT_CONVERSION = YES;
				CLANG_WARN_DEPRECATED_OBJC_IMPLEMENTATIONS = YES;
				CLANG_WARN_DIRECT_OBJC_ISA_USAGE = YES_ERROR;
				CLANG_WARN_DOCUMENTATION_COMMENTS = YES;
				CLANG_WARN_EMPTY_BODY = YES;
				CLANG_WARN_ENUM_CONVERSION = YES;
				CLANG_WARN_INFINITE_RECURSION = YES;
				CLANG_WARN_INT_CONVERSION = YES;
				CLANG_WARN_NON_LITERAL_NULL_CONVERSION = YES;
				CLANG_WARN_OBJC_IMPLICIT_RETAIN_SELF = YES;
				CLANG_WARN_OBJC_LITERAL_CONVERSION = YES;
				CLANG_WARN_OBJC_ROOT_CLASS = YES_ERROR;
				CLANG_WARN_QUOTED_INCLUDE_IN_FRAMEWORK_HEADER = YES;
				CLANG_WARN_RANGE_LOOP_ANALYSIS = YES;
				CLANG_WARN_STRICT_PROTOTYPES = YES;
				CLANG_WARN_SUSPICIOUS_MOVE = YES;
				CLANG_WARN_UNGUARDED_AVAILABILITY = YES_AGGRESSIVE;
				CLANG_WARN_UNREACHABLE_CODE = YES;
				CLANG_WARN__DUPLICATE_METHOD_MATCH = YES;
				COPY_PHASE_STRIP = NO;
				DEBUG_INFORMATION_FORMAT = dwarf;
				ENABLE_STRICT_OBJC_MSGSEND = YES;
				ENABLE_TESTABILITY = YES;
				GCC_C_LANGUAGE_STANDARD = gnu11;
				GCC_DYNAMIC_NO_PIC = NO;
				GCC_NO_COMMON_BLOCKS = YES;
				GCC_OPTIMIZATION_LEVEL = 0;
				GCC_PREPROCESSOR_DEFINITIONS = (
					"DEBUG=1",
					"$(inherited)",
				);
				GCC_WARN_64_TO_32_BIT_CONVERSION = YES;
				GCC_WARN_ABOUT_RETURN_TYPE = YES_ERROR;
				GCC_WARN_UNDECLARED_SELECTOR = YES;
				GCC_WARN_UNINITIALIZED_AUTOS = YES_AGGRESSIVE;
				GCC_WARN_UNUSED_FUNCTION = YES;
				GCC_WARN_UNUSED_VARIABLE = YES;
				IPHONEOS_DEPLOYMENT_TARGET = 14.4;
				MTL_ENABLE_DEBUG_INFO = INCLUDE_SOURCE;
				MTL_FAST_MATH = YES;
				ONLY_ACTIVE_ARCH = YES;
				SDKROOT = iphoneos;
				SWIFT_ACTIVE_COMPILATION_CONDITIONS = DEBUG;
				SWIFT_OPTIMIZATION_LEVEL = "-Onone";
			};
			name = Debug;
		};
		3F744906260156830084189F /* Release */ = {
			isa = XCBuildConfiguration;
			buildSettings = {
				ALWAYS_SEARCH_USER_PATHS = NO;
				CLANG_ANALYZER_NONNULL = YES;
				CLANG_ANALYZER_NUMBER_OBJECT_CONVERSION = YES_AGGRESSIVE;
				CLANG_CXX_LANGUAGE_STANDARD = "gnu++14";
				CLANG_CXX_LIBRARY = "libc++";
				CLANG_ENABLE_MODULES = YES;
				CLANG_ENABLE_OBJC_ARC = YES;
				CLANG_ENABLE_OBJC_WEAK = YES;
				CLANG_WARN_BLOCK_CAPTURE_AUTORELEASING = YES;
				CLANG_WARN_BOOL_CONVERSION = YES;
				CLANG_WARN_COMMA = YES;
				CLANG_WARN_CONSTANT_CONVERSION = YES;
				CLANG_WARN_DEPRECATED_OBJC_IMPLEMENTATIONS = YES;
				CLANG_WARN_DIRECT_OBJC_ISA_USAGE = YES_ERROR;
				CLANG_WARN_DOCUMENTATION_COMMENTS = YES;
				CLANG_WARN_EMPTY_BODY = YES;
				CLANG_WARN_ENUM_CONVERSION = YES;
				CLANG_WARN_INFINITE_RECURSION = YES;
				CLANG_WARN_INT_CONVERSION = YES;
				CLANG_WARN_NON_LITERAL_NULL_CONVERSION = YES;
				CLANG_WARN_OBJC_IMPLICIT_RETAIN_SELF = YES;
				CLANG_WARN_OBJC_LITERAL_CONVERSION = YES;
				CLANG_WARN_OBJC_ROOT_CLASS = YES_ERROR;
				CLANG_WARN_QUOTED_INCLUDE_IN_FRAMEWORK_HEADER = YES;
				CLANG_WARN_RANGE_LOOP_ANALYSIS = YES;
				CLANG_WARN_STRICT_PROTOTYPES = YES;
				CLANG_WARN_SUSPICIOUS_MOVE = YES;
				CLANG_WARN_UNGUARDED_AVAILABILITY = YES_AGGRESSIVE;
				CLANG_WARN_UNREACHABLE_CODE = YES;
				CLANG_WARN__DUPLICATE_METHOD_MATCH = YES;
				COPY_PHASE_STRIP = NO;
				DEBUG_INFORMATION_FORMAT = "dwarf-with-dsym";
				ENABLE_NS_ASSERTIONS = NO;
				ENABLE_STRICT_OBJC_MSGSEND = YES;
				GCC_C_LANGUAGE_STANDARD = gnu11;
				GCC_NO_COMMON_BLOCKS = YES;
				GCC_WARN_64_TO_32_BIT_CONVERSION = YES;
				GCC_WARN_ABOUT_RETURN_TYPE = YES_ERROR;
				GCC_WARN_UNDECLARED_SELECTOR = YES;
				GCC_WARN_UNINITIALIZED_AUTOS = YES_AGGRESSIVE;
				GCC_WARN_UNUSED_FUNCTION = YES;
				GCC_WARN_UNUSED_VARIABLE = YES;
				IPHONEOS_DEPLOYMENT_TARGET = 14.4;
				MTL_ENABLE_DEBUG_INFO = NO;
				MTL_FAST_MATH = YES;
				SDKROOT = iphoneos;
				SWIFT_COMPILATION_MODE = wholemodule;
				SWIFT_OPTIMIZATION_LEVEL = "-O";
				VALIDATE_PRODUCT = YES;
			};
			name = Release;
		};
		3F744908260156830084189F /* Debug */ = {
			isa = XCBuildConfiguration;
			baseConfigurationReference = 443C36FFF5A2787E8AEF0CF7 /* Pods-RoomiesIntrpo.debug.xcconfig */;
			buildSettings = {
				ASSETCATALOG_COMPILER_APPICON_NAME = AppIcon;
				ASSETCATALOG_COMPILER_GLOBAL_ACCENT_COLOR_NAME = AccentColor;
				CODE_SIGN_STYLE = Automatic;
				CURRENT_PROJECT_VERSION = 1;
				DEVELOPMENT_TEAM = 3VB95B296J;
				INFOPLIST_FILE = RoomiesIntrpo/Info.plist;
				IPHONEOS_DEPLOYMENT_TARGET = 14.4;
				LD_RUNPATH_SEARCH_PATHS = (
					"$(inherited)",
					"@executable_path/Frameworks",
				);
				MARKETING_VERSION = 1.0.10;
				PRODUCT_BUNDLE_IDENTIFIER = com.EveryoneCanCodeChicago.RoomiesIntrpo;
				PRODUCT_NAME = "$(TARGET_NAME)";
				SWIFT_VERSION = 5.0;
				TARGETED_DEVICE_FAMILY = 1;
			};
			name = Debug;
		};
		3F744909260156830084189F /* Release */ = {
			isa = XCBuildConfiguration;
			baseConfigurationReference = 554188E46DD5925EDF41D08D /* Pods-RoomiesIntrpo.release.xcconfig */;
			buildSettings = {
				ASSETCATALOG_COMPILER_APPICON_NAME = AppIcon;
				ASSETCATALOG_COMPILER_GLOBAL_ACCENT_COLOR_NAME = AccentColor;
				CODE_SIGN_STYLE = Automatic;
				CURRENT_PROJECT_VERSION = 1;
				DEVELOPMENT_TEAM = 3VB95B296J;
				INFOPLIST_FILE = RoomiesIntrpo/Info.plist;
				IPHONEOS_DEPLOYMENT_TARGET = 14.4;
				LD_RUNPATH_SEARCH_PATHS = (
					"$(inherited)",
					"@executable_path/Frameworks",
				);
				MARKETING_VERSION = 1.0.10;
				PRODUCT_BUNDLE_IDENTIFIER = com.EveryoneCanCodeChicago.RoomiesIntrpo;
				PRODUCT_NAME = "$(TARGET_NAME)";
				SWIFT_VERSION = 5.0;
				TARGETED_DEVICE_FAMILY = 1;
			};
			name = Release;
		};
/* End XCBuildConfiguration section */

/* Begin XCConfigurationList section */
		3F7448EE260156800084189F /* Build configuration list for PBXProject "RoomiesIntrpo" */ = {
			isa = XCConfigurationList;
			buildConfigurations = (
				3F744905260156830084189F /* Debug */,
				3F744906260156830084189F /* Release */,
			);
			defaultConfigurationIsVisible = 0;
			defaultConfigurationName = Release;
		};
		3F744907260156830084189F /* Build configuration list for PBXNativeTarget "RoomiesIntrpo" */ = {
			isa = XCConfigurationList;
			buildConfigurations = (
				3F744908260156830084189F /* Debug */,
				3F744909260156830084189F /* Release */,
			);
			defaultConfigurationIsVisible = 0;
			defaultConfigurationName = Release;
		};
/* End XCConfigurationList section */
	};
	rootObject = 3F7448EB260156800084189F /* Project object */;
}
